Microsoft Visual Studio Solution File, Format Version 11.00
# Visual Studio 2010
Project("{F184B08F-C81C-45F6-A57F-5ABD9991F28F}") = "KeywordFormatting_2010", "KeywordFormatting_2010.vbproj", "{5378E552-CDC5-4BC8-BF05-BDAB91CE906C}"
EndProject
Global
	GlobalSection(SolutionConfigurationPlatforms) = preSolution
		Debug|Any CPU = Debug|Any CPU
		Release|Any CPU = Release|Any CPU
	EndGlobalSection
	GlobalSection(ProjectConfigurationPlatforms) = postSolution
		{5378E552-CDC5-4BC8-BF05-BDAB91CE906C}.Debug|Any CPU.ActiveCfg = Debug|Any CPU
		{5378E552-CDC5-4BC8-BF05-BDAB91CE906C}.Debug|Any CPU.Build.0 = Debug|Any CPU
		{5378E552-CDC5-4BC8-BF05-BDAB91CE906C}.Release|Any CPU.ActiveCfg = Release|Any CPU
		{5378E552-CDC5-4BC8-BF05-BDAB91CE906C}.Release|Any CPU.Build.0 = Release|Any CPU
	EndGlobalSection
	GlobalSection(SolutionProperties) = preSolution
		HideSolutionNode = FALSE
	EndGlobalSection
EndGlobal
