Microsoft Visual Studio Solution File, Format Version 9.00
# Visual Studio 2005
Project("{F184B08F-C81C-45F6-A57F-5ABD9991F28F}") = "StrikeThroughDemo_2005", "StrikeThroughDemo_2005.vbproj", "{85DEB1CF-CDA1-4E2A-AB11-D2DB57E9D655}"
EndProject
Global
	GlobalSection(SolutionConfiguration) = preSolution
		ConfigName.0 = Debug
		ConfigName.1 = Release
	EndGlobalSection
	GlobalSection(ProjectDependencies) = postSolution
	EndGlobalSection
	GlobalSection(ProjectConfiguration) = postSolution
		{85DEB1CF-CDA1-4E2A-AB11-D2DB57E9D655}.Debug.ActiveCfg = Debug|.NET
		{85DEB1CF-CDA1-4E2A-AB11-D2DB57E9D655}.Debug.Build.0 = Debug|.NET
		{85DEB1CF-CDA1-4E2A-AB11-D2DB57E9D655}.Release.ActiveCfg = Release|.NET
		{85DEB1CF-CDA1-4E2A-AB11-D2DB57E9D655}.Release.Build.0 = Release|.NET
	EndGlobalSection
	GlobalSection(ExtensibilityGlobals) = postSolution
	EndGlobalSection
	GlobalSection(ExtensibilityAddIns) = postSolution
	EndGlobalSection
EndGlobal
