Microsoft Visual Studio Solution File, Format Version 11.00
# Visual Studio 2010
Project("{FAE04EC0-301F-11D3-BF4B-00C04F79EFBC}") = "WizardControlDemo_2010", "WizardControlDemo_2010.csproj", "{6F7981DD-5C6D-492D-913C-3658614EA3B2}"
EndProject
Global
	GlobalSection(SolutionConfiguration) = preSolution
		ConfigName.0 = Debug
		ConfigName.1 = Release
	EndGlobalSection
	GlobalSection(ProjectDependencies) = postSolution
	EndGlobalSection
	GlobalSection(ProjectConfiguration) = postSolution
		{6F7981DD-5C6D-492D-913C-3658614EA3B2}.Debug.ActiveCfg = Debug|.NET
		{6F7981DD-5C6D-492D-913C-3658614EA3B2}.Debug.Build.0 = Debug|.NET
		{6F7981DD-5C6D-492D-913C-3658614EA3B2}.Release.ActiveCfg = Release|.NET
		{6F7981DD-5C6D-492D-913C-3658614EA3B2}.Release.Build.0 = Release|.NET
	EndGlobalSection
	GlobalSection(ExtensibilityGlobals) = postSolution
	EndGlobalSection
	GlobalSection(ExtensibilityAddIns) = postSolution
	EndGlobalSection
EndGlobal
