Microsoft Visual Studio Solution File, Format Version 10.00
# Visual Studio 2008
Project("{F184B08F-C81C-45F6-A57F-5ABD9991F28F}") = "RetirementSimulation_2008", "RetirementSimulation_2008.vbproj", "{6E217D16-BDDA-43F0-84E1-3D0E21B02B92}"
EndProject
Global
	GlobalSection(SolutionConfigurationPlatforms) = preSolution
		Debug|Any CPU = Debug|Any CPU
		Release|Any CPU = Release|Any CPU
	EndGlobalSection
	GlobalSection(ProjectConfigurationPlatforms) = postSolution
		{6E217D16-BDDA-43F0-84E1-3D0E21B02B92}.Debug|Any CPU.ActiveCfg = Debug|Any CPU
		{6E217D16-BDDA-43F0-84E1-3D0E21B02B92}.Debug|Any CPU.Build.0 = Debug|Any CPU
		{6E217D16-BDDA-43F0-84E1-3D0E21B02B92}.Release|Any CPU.ActiveCfg = Release|Any CPU
		{6E217D16-BDDA-43F0-84E1-3D0E21B02B92}.Release|Any CPU.Build.0 = Release|Any CPU
	EndGlobalSection
	GlobalSection(SolutionProperties) = preSolution
		HideSolutionNode = FALSE
	EndGlobalSection
EndGlobal
