Microsoft Visual Studio Solution File, Format Version 9.00
# Visual Studio 2005
Project("{F184B08F-C81C-45F6-A57F-5ABD9991F28F}") = "RetirementSimulation_2005", "RetirementSimulation_2005.vbproj", "{6E217D16-BDDA-43F0-84E1-3D0E21B02B92}"
EndProject
Global
	GlobalSection(SolutionConfiguration) = preSolution
		ConfigName.0 = Debug
		ConfigName.1 = Release
	EndGlobalSection
	GlobalSection(ProjectDependencies) = postSolution
	EndGlobalSection
	GlobalSection(ProjectConfiguration) = postSolution
		{6E217D16-BDDA-43F0-84E1-3D0E21B02B92}.Debug.ActiveCfg = Debug|.NET
		{6E217D16-BDDA-43F0-84E1-3D0E21B02B92}.Debug.Build.0 = Debug|.NET
		{6E217D16-BDDA-43F0-84E1-3D0E21B02B92}.Release.ActiveCfg = Release|.NET
		{6E217D16-BDDA-43F0-84E1-3D0E21B02B92}.Release.Build.0 = Release|.NET
	EndGlobalSection
	GlobalSection(ExtensibilityGlobals) = postSolution
	EndGlobalSection
	GlobalSection(ExtensibilityAddIns) = postSolution
	EndGlobalSection
EndGlobal
