Microsoft Visual Studio Solution File, Format Version 11.00
# Visual Studio 2010
Project("{F184B08F-C81C-45F6-A57F-5ABD9991F28F}") = "GDBGMultiHeader_2010", "GDBGMultiHeader_2010.vbproj", "{53E1A6E1-260E-49B3-9C2D-B217AC5BD132}"
EndProject
Global
	GlobalSection(SolutionConfiguration) = preSolution
		ConfigName.0 = Debug
		ConfigName.1 = Release
	EndGlobalSection
	GlobalSection(ProjectDependencies) = postSolution
	EndGlobalSection
	GlobalSection(ProjectConfiguration) = postSolution
		{53E1A6E1-260E-49B3-9C2D-B217AC5BD132}.Debug.ActiveCfg = Debug|.NET
		{53E1A6E1-260E-49B3-9C2D-B217AC5BD132}.Debug.Build.0 = Debug|.NET
		{53E1A6E1-260E-49B3-9C2D-B217AC5BD132}.Release.ActiveCfg = Release|.NET
		{53E1A6E1-260E-49B3-9C2D-B217AC5BD132}.Release.Build.0 = Release|.NET
	EndGlobalSection
	GlobalSection(ExtensibilityGlobals) = postSolution
	EndGlobalSection
	GlobalSection(ExtensibilityAddIns) = postSolution
	EndGlobalSection
EndGlobal
