Microsoft Visual Studio Solution File, Format Version 9.00
# Visual Studio 2005
Project("{FAE04EC0-301F-11D3-BF4B-00C04F79EFBC}") = "FlatTabs_2005", "FlatTabs_2005.csproj", "{930590D5-D8B6-448C-8C0C-7366A224995B}"
EndProject
Global
	GlobalSection(SolutionConfiguration) = preSolution
		ConfigName.0 = Debug
		ConfigName.1 = Release
	EndGlobalSection
	GlobalSection(ProjectDependencies) = postSolution
	EndGlobalSection
	GlobalSection(ProjectConfiguration) = postSolution
		{930590D5-D8B6-448C-8C0C-7366A224995B}.Debug.ActiveCfg = Debug|.NET
		{930590D5-D8B6-448C-8C0C-7366A224995B}.Debug.Build.0 = Debug|.NET
		{930590D5-D8B6-448C-8C0C-7366A224995B}.Release.ActiveCfg = Release|.NET
		{930590D5-D8B6-448C-8C0C-7366A224995B}.Release.Build.0 = Release|.NET
	EndGlobalSection
	GlobalSection(ExtensibilityGlobals) = postSolution
	EndGlobalSection
	GlobalSection(ExtensibilityAddIns) = postSolution
	EndGlobalSection
EndGlobal
