Microsoft Visual Studio Solution File, Format Version 11.00
# Visual Studio 2010
Project("{F184B08F-C81C-45F6-A57F-5ABD9991F28F}") = "ChartPointCollectionMethods_2010", "ChartPointCollectionMethods_2010.vbproj", "{2AE4EF9D-E147-4CB8-88DD-2AF5CEB02F4C}"
EndProject
Global
	GlobalSection(SolutionConfigurationPlatforms) = preSolution
		Debug|Any CPU = Debug|Any CPU
		Release|Any CPU = Release|Any CPU
	EndGlobalSection
	GlobalSection(ProjectConfigurationPlatforms) = postSolution
		{2AE4EF9D-E147-4CB8-88DD-2AF5CEB02F4C}.Debug|Any CPU.ActiveCfg = Debug|Any CPU
		{2AE4EF9D-E147-4CB8-88DD-2AF5CEB02F4C}.Debug|Any CPU.Build.0 = Debug|Any CPU
		{2AE4EF9D-E147-4CB8-88DD-2AF5CEB02F4C}.Release|Any CPU.ActiveCfg = Release|Any CPU
		{2AE4EF9D-E147-4CB8-88DD-2AF5CEB02F4C}.Release|Any CPU.Build.0 = Release|Any CPU
	EndGlobalSection
	GlobalSection(SolutionProperties) = preSolution
		HideSolutionNode = FALSE
	EndGlobalSection
EndGlobal
