Microsoft Visual Studio Solution File, Format Version 9.00
# Visual Studio 2005
Project("{F184B08F-C81C-45F6-A57F-5ABD9991F28F}") = "ChartRealTime_2005", "ChartRealTime_2005.vbproj", "{F8148C48-51EF-4B94-B844-6B31905EEC81}"
EndProject
Global
	GlobalSection(SolutionConfiguration) = preSolution
		ConfigName.0 = Debug
		ConfigName.1 = Release
	EndGlobalSection
	GlobalSection(ProjectDependencies) = postSolution
	EndGlobalSection
	GlobalSection(ProjectConfiguration) = postSolution
		{F8148C48-51EF-4B94-B844-6B31905EEC81}.Debug.ActiveCfg = Debug|.NET
		{F8148C48-51EF-4B94-B844-6B31905EEC81}.Debug.Build.0 = Debug|.NET
		{F8148C48-51EF-4B94-B844-6B31905EEC81}.Release.ActiveCfg = Release|.NET
		{F8148C48-51EF-4B94-B844-6B31905EEC81}.Release.Build.0 = Release|.NET
	EndGlobalSection
	GlobalSection(ExtensibilityGlobals) = postSolution
	EndGlobalSection
	GlobalSection(ExtensibilityAddIns) = postSolution
	EndGlobalSection
EndGlobal
