Microsoft Visual Studio Solution File, Format Version 9.00
# Visual Studio 2005
Project("{F184B08F-C81C-45F6-A57F-5ABD9991F28F}") = "CustomCursorDemo_2005", "CustomCursorDemo_2005.vbproj", "{CA61C8D2-7729-47F4-B039-108480D608A4}"
EndProject
Global
	GlobalSection(SolutionConfiguration) = preSolution
		ConfigName.0 = Debug
		ConfigName.1 = Release
	EndGlobalSection
	GlobalSection(ProjectDependencies) = postSolution
	EndGlobalSection
	GlobalSection(ProjectConfiguration) = postSolution
		{CA61C8D2-7729-47F4-B039-108480D608A4}.Debug.ActiveCfg = Debug|.NET
		{CA61C8D2-7729-47F4-B039-108480D608A4}.Debug.Build.0 = Debug|.NET
		{CA61C8D2-7729-47F4-B039-108480D608A4}.Release.ActiveCfg = Release|.NET
		{CA61C8D2-7729-47F4-B039-108480D608A4}.Release.Build.0 = Release|.NET
	EndGlobalSection
	GlobalSection(ExtensibilityGlobals) = postSolution
	EndGlobalSection
	GlobalSection(ExtensibilityAddIns) = postSolution
	EndGlobalSection
EndGlobal
