Microsoft Visual Studio Solution File, Format Version 10.00
# Visual Studio 2008
Project("{FAE04EC0-301F-11D3-BF4B-00C04F79EFBC}") = "ButtonAdvDemo_2008", "ButtonAdvDemo_2008.csproj", "{4A5F6475-27BA-41A9-80EC-F874F5CEDE77}"
EndProject
Global
	GlobalSection(SolutionConfiguration) = preSolution
		ConfigName.0 = Debug
		ConfigName.1 = Release
	EndGlobalSection
	GlobalSection(ProjectDependencies) = postSolution
	EndGlobalSection
	GlobalSection(ProjectConfiguration) = postSolution
		{4A5F6475-27BA-41A9-80EC-F874F5CEDE77}.Debug.ActiveCfg = Debug|.NET
		{4A5F6475-27BA-41A9-80EC-F874F5CEDE77}.Debug.Build.0 = Debug|.NET
		{4A5F6475-27BA-41A9-80EC-F874F5CEDE77}.Release.ActiveCfg = Release|.NET
		{4A5F6475-27BA-41A9-80EC-F874F5CEDE77}.Release.Build.0 = Release|.NET
	EndGlobalSection
	GlobalSection(ExtensibilityGlobals) = postSolution
	EndGlobalSection
	GlobalSection(ExtensibilityAddIns) = postSolution
	EndGlobalSection
EndGlobal
