Microsoft Visual Studio Solution File, Format Version 11.00
# Visual Studio 2010
Project("{F184B08F-C81C-45F6-A57F-5ABD9991F28F}") = "UnderlinesDemo_2010", "UnderlinesDemo_2010.vbproj", "{1A582CB3-A57A-48AB-9FF1-1599D86B408D}"
EndProject
Global
	GlobalSection(SolutionConfiguration) = preSolution
		ConfigName.0 = Debug
		ConfigName.1 = Release
	EndGlobalSection
	GlobalSection(ProjectDependencies) = postSolution
	EndGlobalSection
	GlobalSection(ProjectConfiguration) = postSolution
		{1A582CB3-A57A-48AB-9FF1-1599D86B408D}.Debug.ActiveCfg = Debug|.NET
		{1A582CB3-A57A-48AB-9FF1-1599D86B408D}.Debug.Build.0 = Debug|.NET
		{1A582CB3-A57A-48AB-9FF1-1599D86B408D}.Release.ActiveCfg = Release|.NET
		{1A582CB3-A57A-48AB-9FF1-1599D86B408D}.Release.Build.0 = Release|.NET
	EndGlobalSection
	GlobalSection(ExtensibilityGlobals) = postSolution
	EndGlobalSection
	GlobalSection(ExtensibilityAddIns) = postSolution
	EndGlobalSection
EndGlobal
