Microsoft Visual Studio Solution File, Format Version 9.00
# Visual Studio 2005
Project("{FAE04EC0-301F-11D3-BF4B-00C04F79EFBC}") = "MultiColumnComboBoxDemo_2005", "MultiColumnComboBoxDemo_2005.csproj", "{1637840E-6B45-4155-AAB0-21FBD0DCEEAE}"
EndProject
Global
	GlobalSection(SolutionConfiguration) = preSolution
		ConfigName.0 = Debug
		ConfigName.1 = Release
	EndGlobalSection
	GlobalSection(ProjectDependencies) = postSolution
	EndGlobalSection
	GlobalSection(ProjectConfiguration) = postSolution
		{1637840E-6B45-4155-AAB0-21FBD0DCEEAE}.Debug.ActiveCfg = Debug|.NET
		{1637840E-6B45-4155-AAB0-21FBD0DCEEAE}.Debug.Build.0 = Debug|.NET
		{1637840E-6B45-4155-AAB0-21FBD0DCEEAE}.Release.ActiveCfg = Release|.NET
		{1637840E-6B45-4155-AAB0-21FBD0DCEEAE}.Release.Build.0 = Release|.NET
	EndGlobalSection
	GlobalSection(ExtensibilityGlobals) = postSolution
	EndGlobalSection
	GlobalSection(ExtensibilityAddIns) = postSolution
	EndGlobalSection
EndGlobal
