Microsoft Visual Studio Solution File, Format Version 9.00
# Visual Studio 2005
Project("{F184B08F-C81C-45F6-A57F-5ABD9991F28F}") = "CustomSummary_2005", "CustomSummary_2005.vbproj", "{4A4726E3-4A95-4A3F-8EDD-5EEE6D27AA1F}"
EndProject
Global
	GlobalSection(DevPartner Solution Properties) = postSolution
	EndGlobalSection
	GlobalSection(SolutionConfiguration) = preSolution
		ConfigName.0 = Debug
		ConfigName.1 = Release
	EndGlobalSection
	GlobalSection(ProjectDependencies) = postSolution
	EndGlobalSection
	GlobalSection(ProjectConfiguration) = postSolution
		{4A4726E3-4A95-4A3F-8EDD-5EEE6D27AA1F}.Debug.ActiveCfg = Debug|.NET
		{4A4726E3-4A95-4A3F-8EDD-5EEE6D27AA1F}.Debug.Build.0 = Debug|.NET
		{4A4726E3-4A95-4A3F-8EDD-5EEE6D27AA1F}.Release.ActiveCfg = Release|.NET
		{4A4726E3-4A95-4A3F-8EDD-5EEE6D27AA1F}.Release.Build.0 = Release|.NET
	EndGlobalSection
	GlobalSection(ExtensibilityGlobals) = postSolution
	EndGlobalSection
	GlobalSection(ExtensibilityAddIns) = postSolution
	EndGlobalSection
EndGlobal
