Microsoft Visual Studio Solution File, Format Version 9.00
# Visual Studio 2005
Project("{F184B08F-C81C-45F6-A57F-5ABD9991F28F}") = "ArrayICalcData_2005", "ArrayICalcData_2005.vbproj", "{E8A506CE-7817-4776-961C-3BAC3A031615}"
EndProject
Global
	GlobalSection(SolutionConfiguration) = preSolution
		ConfigName.0 = Debug
		ConfigName.1 = Release
	EndGlobalSection
	GlobalSection(ProjectDependencies) = postSolution
	EndGlobalSection
	GlobalSection(ProjectConfiguration) = postSolution
		{E8A506CE-7817-4776-961C-3BAC3A031615}.Debug.ActiveCfg = Debug|.NET
		{E8A506CE-7817-4776-961C-3BAC3A031615}.Debug.Build.0 = Debug|.NET
		{E8A506CE-7817-4776-961C-3BAC3A031615}.Release.ActiveCfg = Release|.NET
		{E8A506CE-7817-4776-961C-3BAC3A031615}.Release.Build.0 = Release|.NET
	EndGlobalSection
	GlobalSection(ExtensibilityGlobals) = postSolution
	EndGlobalSection
	GlobalSection(ExtensibilityAddIns) = postSolution
	EndGlobalSection
EndGlobal
