
Microsoft Visual Studio Solution File, Format Version 11.00
# Visual Studio 2010
Project("{FAE04EC0-301F-11D3-BF4B-00C04F79EFBC}") = "BannerTextProvider_2010", "BannerTextProvider_2010.csproj", "{851E015C-9B8A-408F-99CC-AD245E96977B}"
EndProject
Global
	GlobalSection(SolutionConfigurationPlatforms) = preSolution
		Debug|Any CPU = Debug|Any CPU
		Release|Any CPU = Release|Any CPU
	EndGlobalSection
	GlobalSection(ProjectConfigurationPlatforms) = postSolution
		{851E015C-9B8A-408F-99CC-AD245E96977B}.Debug|Any CPU.ActiveCfg = Debug|Any CPU
		{851E015C-9B8A-408F-99CC-AD245E96977B}.Debug|Any CPU.Build.0 = Debug|Any CPU
		{851E015C-9B8A-408F-99CC-AD245E96977B}.Release|Any CPU.ActiveCfg = Release|Any CPU
		{851E015C-9B8A-408F-99CC-AD245E96977B}.Release|Any CPU.Build.0 = Release|Any CPU
	EndGlobalSection
	GlobalSection(SolutionProperties) = preSolution
		HideSolutionNode = FALSE
	EndGlobalSection
EndGlobal
