Microsoft Visual Studio Solution File, Format Version 11.00
# Visual Studio 2010
Project("{F184B08F-C81C-45F6-A57F-5ABD9991F28F}") = "TreeViewAdvImageOverLayingDemo_2010", "TreeViewAdvImageOverLayingDemo_2010.vbproj", "{AFA1316F-7F11-4AF8-897F-57C66770ACB2}"
EndProject
Global
	GlobalSection(SolutionConfiguration) = preSolution
		ConfigName.0 = Debug
		ConfigName.1 = Release
	EndGlobalSection
	GlobalSection(ProjectDependencies) = postSolution
	EndGlobalSection
	GlobalSection(ProjectConfiguration) = postSolution
		{AFA1316F-7F11-4AF8-897F-57C66770ACB2}.Debug.ActiveCfg = Debug|.NET
		{AFA1316F-7F11-4AF8-897F-57C66770ACB2}.Debug.Build.0 = Debug|.NET
		{AFA1316F-7F11-4AF8-897F-57C66770ACB2}.Release.ActiveCfg = Release|.NET
		{AFA1316F-7F11-4AF8-897F-57C66770ACB2}.Release.Build.0 = Release|.NET
	EndGlobalSection
	GlobalSection(ExtensibilityGlobals) = postSolution
	EndGlobalSection
	GlobalSection(ExtensibilityAddIns) = postSolution
	EndGlobalSection
EndGlobal
