Microsoft Visual Studio Solution File, Format Version 9.00
# Visual Studio 2005
Project("{FAE04EC0-301F-11D3-BF4B-00C04F79EFBC}") = "TreeViewAdvDragDrop_2005", "TreeViewAdvDragDrop_2005.csproj", "{132CB2B2-B641-459C-AADA-9FB72A439E7D}"
EndProject
Global
	GlobalSection(SolutionConfiguration) = preSolution
		ConfigName.0 = Debug
		ConfigName.1 = Release
	EndGlobalSection
	GlobalSection(ProjectDependencies) = postSolution
	EndGlobalSection
	GlobalSection(ProjectConfiguration) = postSolution
		{132CB2B2-B641-459C-AADA-9FB72A439E7D}.Debug.ActiveCfg = Debug|.NET
		{132CB2B2-B641-459C-AADA-9FB72A439E7D}.Debug.Build.0 = Debug|.NET
		{132CB2B2-B641-459C-AADA-9FB72A439E7D}.Release.ActiveCfg = Release|.NET
		{132CB2B2-B641-459C-AADA-9FB72A439E7D}.Release.Build.0 = Release|.NET
	EndGlobalSection
	GlobalSection(ExtensibilityGlobals) = postSolution
	EndGlobalSection
	GlobalSection(ExtensibilityAddIns) = postSolution
	EndGlobalSection
EndGlobal
