
Microsoft Visual Studio Solution File, Format Version 9.00
# Visual Studio 2005
Project("{F184B08F-C81C-45F6-A57F-5ABD9991F28F}") = "MultiPagePrinting_2005", "MultiPagePrinting_2005.vbproj", "{B39DBA8C-B54A-4EE3-A34F-6C1C40D678BE}"
EndProject
Global
	GlobalSection(SolutionConfigurationPlatforms) = preSolution
		Debug|Any CPU = Debug|Any CPU
		Release|Any CPU = Release|Any CPU
	EndGlobalSection
	GlobalSection(ProjectConfigurationPlatforms) = postSolution
		{B39DBA8C-B54A-4EE3-A34F-6C1C40D678BE}.Debug|Any CPU.ActiveCfg = Debug|Any CPU
		{B39DBA8C-B54A-4EE3-A34F-6C1C40D678BE}.Debug|Any CPU.Build.0 = Debug|Any CPU
		{B39DBA8C-B54A-4EE3-A34F-6C1C40D678BE}.Release|Any CPU.ActiveCfg = Release|Any CPU
		{B39DBA8C-B54A-4EE3-A34F-6C1C40D678BE}.Release|Any CPU.Build.0 = Release|Any CPU
	EndGlobalSection
	GlobalSection(SolutionProperties) = preSolution
		HideSolutionNode = FALSE
	EndGlobalSection
EndGlobal
