
Microsoft Visual Studio Solution File, Format Version 10.00
# Visual Studio 2008
Project("{FAE04EC0-301F-11D3-BF4B-00C04F79EFBC}") = "ObservableCollectionDemo_2008", "ObservableCollectionDemo_2008.csproj", "{D68516F3-0AE5-4A35-9C7C-7D6237DE0789}"
EndProject
Global
	GlobalSection(SolutionConfigurationPlatforms) = preSolution
		Debug|x86 = Debug|x86
		Release|x86 = Release|x86
	EndGlobalSection
	GlobalSection(ProjectConfigurationPlatforms) = postSolution
		{D68516F3-0AE5-4A35-9C7C-7D6237DE0789}.Debug|x86.ActiveCfg = Debug|x86
		{D68516F3-0AE5-4A35-9C7C-7D6237DE0789}.Debug|x86.Build.0 = Debug|x86
		{D68516F3-0AE5-4A35-9C7C-7D6237DE0789}.Release|x86.ActiveCfg = Release|x86
		{D68516F3-0AE5-4A35-9C7C-7D6237DE0789}.Release|x86.Build.0 = Release|x86
	EndGlobalSection
	GlobalSection(SolutionProperties) = preSolution
		HideSolutionNode = FALSE
	EndGlobalSection
EndGlobal
