
Microsoft Visual Studio Solution File, Format Version 10.00
# Visual Studio 2008
Project("{F184B08F-C81C-45F6-A57F-5ABD9991F28F}") = "GenericCollection_2008", "GenericCollection_2008.vbproj", "{60C8FC5D-D055-44F8-8511-55A4C754C97F}"
EndProject
Global
	GlobalSection(SolutionConfigurationPlatforms) = preSolution
		Debug|Any CPU = Debug|Any CPU
		Release|Any CPU = Release|Any CPU
	EndGlobalSection
	GlobalSection(ProjectConfigurationPlatforms) = postSolution
		{60C8FC5D-D055-44F8-8511-55A4C754C97F}.Debug|Any CPU.ActiveCfg = Debug|Any CPU
		{60C8FC5D-D055-44F8-8511-55A4C754C97F}.Debug|Any CPU.Build.0 = Debug|Any CPU
		{60C8FC5D-D055-44F8-8511-55A4C754C97F}.Release|Any CPU.ActiveCfg = Release|Any CPU
		{60C8FC5D-D055-44F8-8511-55A4C754C97F}.Release|Any CPU.Build.0 = Release|Any CPU
	EndGlobalSection
	GlobalSection(SolutionProperties) = preSolution
		HideSolutionNode = FALSE
	EndGlobalSection
EndGlobal
