
Microsoft Visual Studio Solution File, Format Version 11.00
# Visual Studio 2010
Project("{FAE04EC0-301F-11D3-BF4B-00C04F79EFBC}") = "DragProviderStyles_2010", "DragProviderStyles_2010.csproj", "{14FB0B0D-52E5-4EB3-845A-03D2F7ECB792}"
EndProject
Global
	GlobalSection(SolutionConfigurationPlatforms) = preSolution
		Debug|Any CPU = Debug|Any CPU
		Release|Any CPU = Release|Any CPU
	EndGlobalSection
	GlobalSection(ProjectConfigurationPlatforms) = postSolution
		{14FB0B0D-52E5-4EB3-845A-03D2F7ECB792}.Debug|Any CPU.ActiveCfg = Debug|Any CPU
		{14FB0B0D-52E5-4EB3-845A-03D2F7ECB792}.Debug|Any CPU.Build.0 = Debug|Any CPU
		{14FB0B0D-52E5-4EB3-845A-03D2F7ECB792}.Release|Any CPU.ActiveCfg = Release|Any CPU
		{14FB0B0D-52E5-4EB3-845A-03D2F7ECB792}.Release|Any CPU.Build.0 = Release|Any CPU
	EndGlobalSection
	GlobalSection(SolutionProperties) = preSolution
		HideSolutionNode = FALSE
	EndGlobalSection
EndGlobal
