Microsoft Visual Studio Solution File, Format Version 10.00
# Visual Studio 2008
Project("{F184B08F-C81C-45F6-A57F-5ABD9991F28F}") = "DataGridCalculator_2008", "DataGridCalculator_2008.vbproj", "{AA3A9C3A-63C1-4F79-93D3-763FA7443398}"
EndProject
Project("{FAE04EC0-301F-11D3-BF4B-00C04F79EFBC}") = "Grid2008", "Grid\Grid2008.csproj", "{2E24938E-6EB5-4432-A0A6-1F4234318977}"
EndProject
Global
	GlobalSection(SolutionConfiguration) = preSolution
		ConfigName.0 = Debug
		ConfigName.1 = Release
	EndGlobalSection
	GlobalSection(ProjectDependencies) = postSolution
	EndGlobalSection
	GlobalSection(ProjectConfiguration) = postSolution
		{AA3A9C3A-63C1-4F79-93D3-763FA7443398}.Debug.ActiveCfg = Debug|.NET
		{AA3A9C3A-63C1-4F79-93D3-763FA7443398}.Debug.Build.0 = Debug|.NET
		{AA3A9C3A-63C1-4F79-93D3-763FA7443398}.Release.ActiveCfg = Release|.NET
		{AA3A9C3A-63C1-4F79-93D3-763FA7443398}.Release.Build.0 = Release|.NET
	EndGlobalSection
	GlobalSection(ExtensibilityGlobals) = postSolution
	EndGlobalSection
	GlobalSection(ExtensibilityAddIns) = postSolution
	EndGlobalSection
EndGlobal
