Microsoft Visual Studio Solution File, Format Version 9.00
# Visual Studio 2005
Project("{F184B08F-C81C-45F6-A57F-5ABD9991F28F}") = "TraderGridTest_2005", "TraderGridTest_2005.vbproj", "{4C03F427-7983-455B-9385-C309421F4F01}"
EndProject
Global
	GlobalSection(SolutionConfiguration) = preSolution
		ConfigName.0 = Debug
		ConfigName.1 = Release
	EndGlobalSection
	GlobalSection(ProjectDependencies) = postSolution
	EndGlobalSection
	GlobalSection(ProjectConfiguration) = postSolution
		{4C03F427-7983-455B-9385-C309421F4F01}.Debug.ActiveCfg = Debug|.NET
		{4C03F427-7983-455B-9385-C309421F4F01}.Debug.Build.0 = Debug|.NET
		{4C03F427-7983-455B-9385-C309421F4F01}.Release.ActiveCfg = Release|.NET
		{4C03F427-7983-455B-9385-C309421F4F01}.Release.Build.0 = Release|.NET
	EndGlobalSection
	GlobalSection(ExtensibilityGlobals) = postSolution
	EndGlobalSection
	GlobalSection(ExtensibilityAddIns) = postSolution
	EndGlobalSection
EndGlobal
