Microsoft Visual Studio Solution File, Format Version 10.00
# Visual Studio 2008
Project("{FAE04EC0-301F-11D3-BF4B-00C04F79EFBC}") = "ClipboardFunctionsDemo_2008", "ClipboardFunctionsDemo_2008.csproj", "{2425DD27-9B67-4C92-BE2A-4AEAC6EC3304}"
EndProject
Global
	GlobalSection(SolutionConfiguration) = preSolution
		ConfigName.0 = Debug
		ConfigName.1 = Release
	EndGlobalSection
	GlobalSection(ProjectDependencies) = postSolution
	EndGlobalSection
	GlobalSection(ProjectConfiguration) = postSolution
		{2425DD27-9B67-4C92-BE2A-4AEAC6EC3304}.Debug.ActiveCfg = Debug|.NET
		{2425DD27-9B67-4C92-BE2A-4AEAC6EC3304}.Debug.Build.0 = Debug|.NET
		{2425DD27-9B67-4C92-BE2A-4AEAC6EC3304}.Release.ActiveCfg = Release|.NET
		{2425DD27-9B67-4C92-BE2A-4AEAC6EC3304}.Release.Build.0 = Release|.NET
	EndGlobalSection
	GlobalSection(ExtensibilityGlobals) = postSolution
	EndGlobalSection
	GlobalSection(ExtensibilityAddIns) = postSolution
	EndGlobalSection
EndGlobal
