
Microsoft Visual Studio Solution File, Format Version 11.00
# Visual Studio 2010
Project("{F184B08F-C81C-45F6-A57F-5ABD9991F28F}") = "PageSettings_2010", "PageSettings_2010.vbproj", "{F78EB128-579D-4DB0-A884-387C77648F45}"
EndProject
Global
	GlobalSection(SolutionConfigurationPlatforms) = preSolution
		Debug|Any CPU = Debug|Any CPU
		Release|Any CPU = Release|Any CPU
	EndGlobalSection
	GlobalSection(ProjectConfigurationPlatforms) = postSolution
		{F78EB128-579D-4DB0-A884-387C77648F45}.Debug|Any CPU.ActiveCfg = Debug|Any CPU
		{F78EB128-579D-4DB0-A884-387C77648F45}.Debug|Any CPU.Build.0 = Debug|Any CPU
		{F78EB128-579D-4DB0-A884-387C77648F45}.Release|Any CPU.ActiveCfg = Release|Any CPU
		{F78EB128-579D-4DB0-A884-387C77648F45}.Release|Any CPU.Build.0 = Release|Any CPU
	EndGlobalSection
	GlobalSection(SolutionProperties) = preSolution
		HideSolutionNode = FALSE
	EndGlobalSection
EndGlobal
