Microsoft Visual Studio Solution File, Format Version 11.00
# Visual Studio 2010
Project("{F184B08F-C81C-45F6-A57F-5ABD9991F28F}") = "ActionGroupingDemo_2010", "ActionGroupingDemo_2010.vbproj", "{B549ED0B-79E7-4C2F-A5D3-1CE27E561919}"
EndProject
Global
	GlobalSection(SolutionConfiguration) = preSolution
		ConfigName.0 = Debug
		ConfigName.1 = Release
	EndGlobalSection
	GlobalSection(ProjectDependencies) = postSolution
	EndGlobalSection
	GlobalSection(ProjectConfiguration) = postSolution
		{B549ED0B-79E7-4C2F-A5D3-1CE27E561919}.Debug.ActiveCfg = Debug|.NET
		{B549ED0B-79E7-4C2F-A5D3-1CE27E561919}.Debug.Build.0 = Debug|.NET
		{B549ED0B-79E7-4C2F-A5D3-1CE27E561919}.Release.ActiveCfg = Release|.NET
		{B549ED0B-79E7-4C2F-A5D3-1CE27E561919}.Release.Build.0 = Release|.NET
	EndGlobalSection
	GlobalSection(ExtensibilityGlobals) = postSolution
	EndGlobalSection
	GlobalSection(ExtensibilityAddIns) = postSolution
	EndGlobalSection
EndGlobal
