Microsoft Visual Studio Solution File, Format Version 11.00
# Visual Studio 2010
Project("{FAE04EC0-301F-11D3-BF4B-00C04F79EFBC}") = "FontCustomizationDemo_2010", "FontCustomizationDemo_2010.csproj", "{7E160BE8-1B68-4972-A5B3-6344FA21F46E}"
EndProject
Global
	GlobalSection(SolutionConfiguration) = preSolution
		ConfigName.0 = Debug
		ConfigName.1 = Release
	EndGlobalSection
	GlobalSection(ProjectDependencies) = postSolution
	EndGlobalSection
	GlobalSection(ProjectConfiguration) = postSolution
		{7E160BE8-1B68-4972-A5B3-6344FA21F46E}.Debug.ActiveCfg = Debug|.NET
		{7E160BE8-1B68-4972-A5B3-6344FA21F46E}.Debug.Build.0 = Debug|.NET
		{7E160BE8-1B68-4972-A5B3-6344FA21F46E}.Release.ActiveCfg = Release|.NET
		{7E160BE8-1B68-4972-A5B3-6344FA21F46E}.Release.Build.0 = Release|.NET
	EndGlobalSection
	GlobalSection(ExtensibilityGlobals) = postSolution
	EndGlobalSection
	GlobalSection(ExtensibilityAddIns) = postSolution
	EndGlobalSection
EndGlobal
