Microsoft Visual Studio Solution File, Format Version 9.00
# Visual Studio 2005
Project("{F184B08F-C81C-45F6-A57F-5ABD9991F28F}") = "GroupCustomization_2005", "GroupCustomization_2005.vbproj", "{50B19DFF-FE2F-4512-84EF-BF3D8156779D}"
EndProject
Global
	GlobalSection(SolutionConfiguration) = preSolution
		ConfigName.0 = Debug
		ConfigName.1 = Release
	EndGlobalSection
	GlobalSection(ProjectDependencies) = postSolution
	EndGlobalSection
	GlobalSection(ProjectConfiguration) = postSolution
		{50B19DFF-FE2F-4512-84EF-BF3D8156779D}.Debug.ActiveCfg = Debug|.NET
		{50B19DFF-FE2F-4512-84EF-BF3D8156779D}.Debug.Build.0 = Debug|.NET
		{50B19DFF-FE2F-4512-84EF-BF3D8156779D}.Release.ActiveCfg = Release|.NET
		{50B19DFF-FE2F-4512-84EF-BF3D8156779D}.Release.Build.0 = Release|.NET
	EndGlobalSection
	GlobalSection(ExtensibilityGlobals) = postSolution
	EndGlobalSection
	GlobalSection(ExtensibilityAddIns) = postSolution
	EndGlobalSection
EndGlobal
