
Microsoft Visual Studio Solution File, Format Version 9.00
# Visual Studio 2005
Project("{F184B08F-C81C-45F6-A57F-5ABD9991F28F}") = "DiagramDataBindingSample_2005", "DiagramDataBindingSample_2005.vbproj", "{C8DB5CB6-6740-4DE3-A74C-38D58C752840}"
EndProject
Project("{F184B08F-C81C-45F6-A57F-5ABD9991F28F}") = "DiagramDBiManager_2005", "DiagramDataBindingManager\DiagramDBiManager_2005.vbproj", "{B3FEBF3A-567C-4CF7-B5B4-B0BABFBED858}"
EndProject
Global
	GlobalSection(SolutionConfigurationPlatforms) = preSolution
		Debug|Any CPU = Debug|Any CPU
		Release|Any CPU = Release|Any CPU
	EndGlobalSection
	GlobalSection(ProjectConfigurationPlatforms) = postSolution
		{C8DB5CB6-6740-4DE3-A74C-38D58C752840}.Debug|Any CPU.ActiveCfg = Debug|Any CPU
		{C8DB5CB6-6740-4DE3-A74C-38D58C752840}.Debug|Any CPU.Build.0 = Debug|Any CPU
		{C8DB5CB6-6740-4DE3-A74C-38D58C752840}.Release|Any CPU.ActiveCfg = Release|Any CPU
		{C8DB5CB6-6740-4DE3-A74C-38D58C752840}.Release|Any CPU.Build.0 = Release|Any CPU
		{B3FEBF3A-567C-4CF7-B5B4-B0BABFBED858}.Debug|Any CPU.ActiveCfg = Debug|Any CPU
		{B3FEBF3A-567C-4CF7-B5B4-B0BABFBED858}.Debug|Any CPU.Build.0 = Debug|Any CPU
		{B3FEBF3A-567C-4CF7-B5B4-B0BABFBED858}.Release|Any CPU.ActiveCfg = Release|Any CPU
		{B3FEBF3A-567C-4CF7-B5B4-B0BABFBED858}.Release|Any CPU.Build.0 = Release|Any CPU
	EndGlobalSection
	GlobalSection(SolutionProperties) = preSolution
		HideSolutionNode = FALSE
	EndGlobalSection
EndGlobal
