
Microsoft Visual Studio Solution File, Format Version 10.00
# Visual Studio 2008
Project("{F184B08F-C81C-45F6-A57F-5ABD9991F28F}") = "BannerTextProvider_2008", "BannerTextProvider_2008.vbproj", "{851E015C-9B8A-408F-99CC-AD245E96977B}"
EndProject
Global
	GlobalSection(SolutionConfigurationPlatforms) = preSolution
		Debug|Any CPU = Debug|Any CPU
		Release|Any CPU = Release|Any CPU
	EndGlobalSection
	GlobalSection(ProjectConfigurationPlatforms) = postSolution
		{851E015C-9B8A-408F-99CC-AD245E96977B}.Debug|Any CPU.ActiveCfg = Debug|Any CPU
		{851E015C-9B8A-408F-99CC-AD245E96977B}.Debug|Any CPU.Build.0 = Debug|Any CPU
		{851E015C-9B8A-408F-99CC-AD245E96977B}.Release|Any CPU.ActiveCfg = Release|Any CPU
		{851E015C-9B8A-408F-99CC-AD245E96977B}.Release|Any CPU.Build.0 = Release|Any CPU
	EndGlobalSection
	GlobalSection(SolutionProperties) = preSolution
		HideSolutionNode = FALSE
	EndGlobalSection
EndGlobal
