
Microsoft Visual Studio Solution File, Format Version 9.00
# Visual Studio 2005
Project("{F184B08F-C81C-45F6-A57F-5ABD9991F28F}") = "FindReplace_2005", "FindReplace_2005.vbproj", "{1670BA3E-6083-4B15-8C43-4799C29A353A}"
EndProject
Global
	GlobalSection(SolutionConfigurationPlatforms) = preSolution
		Debug|Any CPU = Debug|Any CPU
		Release|Any CPU = Release|Any CPU
	EndGlobalSection
	GlobalSection(ProjectConfigurationPlatforms) = postSolution
		{1670BA3E-6083-4B15-8C43-4799C29A353A}.Debug|Any CPU.ActiveCfg = Debug|Any CPU
		{1670BA3E-6083-4B15-8C43-4799C29A353A}.Debug|Any CPU.Build.0 = Debug|Any CPU
		{1670BA3E-6083-4B15-8C43-4799C29A353A}.Release|Any CPU.ActiveCfg = Release|Any CPU
		{1670BA3E-6083-4B15-8C43-4799C29A353A}.Release|Any CPU.Build.0 = Release|Any CPU
	EndGlobalSection
	GlobalSection(SolutionProperties) = preSolution
		HideSolutionNode = FALSE
	EndGlobalSection
EndGlobal
