Microsoft Visual Studio Solution File, Format Version 11.00
# Visual Studio 2010
Project("{F184B08F-C81C-45F6-A57F-5ABD9991F28F}") = "XPMenus_CustomColors_2010", "XPMenus_CustomColors_2010.vbproj", "{67E524A3-4C7F-4DD1-8057-E90050187AE3}"
EndProject
Global
	GlobalSection(SolutionConfigurationPlatforms) = preSolution
		Debug|Any CPU = Debug|Any CPU
		Release|Any CPU = Release|Any CPU
	EndGlobalSection
	GlobalSection(ProjectConfigurationPlatforms) = postSolution
		{67E524A3-4C7F-4DD1-8057-E90050187AE3}.Debug|Any CPU.ActiveCfg = Debug|Any CPU
		{67E524A3-4C7F-4DD1-8057-E90050187AE3}.Debug|Any CPU.Build.0 = Debug|Any CPU
		{67E524A3-4C7F-4DD1-8057-E90050187AE3}.Release|Any CPU.ActiveCfg = Release|Any CPU
		{67E524A3-4C7F-4DD1-8057-E90050187AE3}.Release|Any CPU.Build.0 = Release|Any CPU
	EndGlobalSection
	GlobalSection(SolutionProperties) = preSolution
		HideSolutionNode = FALSE
	EndGlobalSection
EndGlobal
