Microsoft Visual Studio Solution File, Format Version 9.00
# Visual Studio 2005
Project("{FAE04EC0-301F-11D3-BF4B-00C04F79EFBC}") = "TreeViewAdvOwnerDraw_2005", "TreeViewAdvOwnerDraw_2005.csproj", "{D8FB67DE-68BA-48FA-A75E-BFA6D82B08E8}"
EndProject
Global
	GlobalSection(SolutionConfiguration) = preSolution
		ConfigName.0 = Debug
		ConfigName.1 = Release
	EndGlobalSection
	GlobalSection(ProjectDependencies) = postSolution
	EndGlobalSection
	GlobalSection(ProjectConfiguration) = postSolution
		{D8FB67DE-68BA-48FA-A75E-BFA6D82B08E8}.Debug.ActiveCfg = Debug|.NET
		{D8FB67DE-68BA-48FA-A75E-BFA6D82B08E8}.Debug.Build.0 = Debug|.NET
		{D8FB67DE-68BA-48FA-A75E-BFA6D82B08E8}.Release.ActiveCfg = Release|.NET
		{D8FB67DE-68BA-48FA-A75E-BFA6D82B08E8}.Release.Build.0 = Release|.NET
	EndGlobalSection
	GlobalSection(ExtensibilityGlobals) = postSolution
	EndGlobalSection
	GlobalSection(ExtensibilityAddIns) = postSolution
	EndGlobalSection
EndGlobal
