Microsoft Visual Studio Solution File, Format Version 11.00
# Visual Studio 2010
Project("{FAE04EC0-301F-11D3-BF4B-00C04F79EFBC}") = "TreeViewAdvImageOverLayingDemo_2010", "TreeViewAdvImageOverLayingDemo_2010.csproj", "{4AC26D4A-89A0-43BC-8215-AD50484BCFE5}"
EndProject
Global
	GlobalSection(SolutionConfiguration) = preSolution
		ConfigName.0 = Debug
		ConfigName.1 = Release
	EndGlobalSection
	GlobalSection(ProjectDependencies) = postSolution
	EndGlobalSection
	GlobalSection(ProjectConfiguration) = postSolution
		{4AC26D4A-89A0-43BC-8215-AD50484BCFE5}.Debug.ActiveCfg = Debug|.NET
		{4AC26D4A-89A0-43BC-8215-AD50484BCFE5}.Debug.Build.0 = Debug|.NET
		{4AC26D4A-89A0-43BC-8215-AD50484BCFE5}.Release.ActiveCfg = Release|.NET
		{4AC26D4A-89A0-43BC-8215-AD50484BCFE5}.Release.Build.0 = Release|.NET
	EndGlobalSection
	GlobalSection(ExtensibilityGlobals) = postSolution
	EndGlobalSection
	GlobalSection(ExtensibilityAddIns) = postSolution
	EndGlobalSection
EndGlobal
