Microsoft Visual Studio Solution File, Format Version 10.00
# Visual Studio 2008
Project("{FAE04EC0-301F-11D3-BF4B-00C04F79EFBC}") = "XPMenus_CustomColors_2008", "XPMenus_CustomColors_2008.csproj", "{52268823-F7CB-4B57-800E-FBF26933504D}"
EndProject
Global
	GlobalSection(SolutionConfigurationPlatforms) = preSolution
		Debug|Any CPU = Debug|Any CPU
		Release|Any CPU = Release|Any CPU
	EndGlobalSection
	GlobalSection(ProjectConfigurationPlatforms) = postSolution
		{52268823-F7CB-4B57-800E-FBF26933504D}.Debug|Any CPU.ActiveCfg = Debug|Any CPU
		{52268823-F7CB-4B57-800E-FBF26933504D}.Debug|Any CPU.Build.0 = Debug|Any CPU
		{52268823-F7CB-4B57-800E-FBF26933504D}.Release|Any CPU.ActiveCfg = Release|Any CPU
		{52268823-F7CB-4B57-800E-FBF26933504D}.Release|Any CPU.Build.0 = Release|Any CPU
	EndGlobalSection
	GlobalSection(SolutionProperties) = preSolution
		HideSolutionNode = FALSE
	EndGlobalSection
EndGlobal
