Microsoft Visual Studio Solution File, Format Version 10.00
# Visual Studio 2008
Project("{F184B08F-C81C-45F6-A57F-5ABD9991F28F}") = "ContextMenuDemo_2008", "ContextMenuDemo_2008.vbproj", "{BF0B90BE-999F-46A8-9308-2E689B14BDAA}"
EndProject
Global
	GlobalSection(SolutionConfiguration) = preSolution
		ConfigName.0 = Debug
		ConfigName.1 = Release
	EndGlobalSection
	GlobalSection(ProjectDependencies) = postSolution
	EndGlobalSection
	GlobalSection(ProjectConfiguration) = postSolution
		{BF0B90BE-999F-46A8-9308-2E689B14BDAA}.Debug.ActiveCfg = Debug|.NET
		{BF0B90BE-999F-46A8-9308-2E689B14BDAA}.Debug.Build.0 = Debug|.NET
		{BF0B90BE-999F-46A8-9308-2E689B14BDAA}.Release.ActiveCfg = Release|.NET
		{BF0B90BE-999F-46A8-9308-2E689B14BDAA}.Release.Build.0 = Release|.NET
	EndGlobalSection
	GlobalSection(ExtensibilityGlobals) = postSolution
	EndGlobalSection
	GlobalSection(ExtensibilityAddIns) = postSolution
	EndGlobalSection
EndGlobal
