
Microsoft Visual Studio Solution File, Format Version 11.00
# Visual Studio 2010
Project("{FAE04EC0-301F-11D3-BF4B-00C04F79EFBC}") = "SeeThru_2010", "SeeThru_2010.csproj", "{288D612E-F935-400D-AA99-B7F58B63A8CC}"
EndProject
Global
	GlobalSection(SolutionConfigurationPlatforms) = preSolution
		Debug|Any CPU = Debug|Any CPU
		Release|Any CPU = Release|Any CPU
	EndGlobalSection
	GlobalSection(ProjectConfigurationPlatforms) = postSolution
		{288D612E-F935-400D-AA99-B7F58B63A8CC}.Debug|Any CPU.ActiveCfg = Debug|Any CPU
		{288D612E-F935-400D-AA99-B7F58B63A8CC}.Debug|Any CPU.Build.0 = Debug|Any CPU
		{288D612E-F935-400D-AA99-B7F58B63A8CC}.Release|Any CPU.ActiveCfg = Release|Any CPU
		{288D612E-F935-400D-AA99-B7F58B63A8CC}.Release|Any CPU.Build.0 = Release|Any CPU
	EndGlobalSection
	GlobalSection(SolutionProperties) = preSolution
		HideSolutionNode = FALSE
	EndGlobalSection
EndGlobal
