Microsoft Visual Studio Solution File, Format Version 9.00
# Visual Studio 2005
Project("{F184B08F-C81C-45F6-A57F-5ABD9991F28F}") = "MultiColumnComboBoxDemo_2005", "MultiColumnComboBoxDemo_2005.vbproj", "{E05B4B3B-29EA-414B-A9A7-ACBFFA340E4F}"
EndProject
Global
	GlobalSection(SolutionConfiguration) = preSolution
		ConfigName.0 = Debug
		ConfigName.1 = Release
	EndGlobalSection
	GlobalSection(ProjectDependencies) = postSolution
	EndGlobalSection
	GlobalSection(ProjectConfiguration) = postSolution
		{E05B4B3B-29EA-414B-A9A7-ACBFFA340E4F}.Debug.ActiveCfg = Debug|.NET
		{E05B4B3B-29EA-414B-A9A7-ACBFFA340E4F}.Debug.Build.0 = Debug|.NET
		{E05B4B3B-29EA-414B-A9A7-ACBFFA340E4F}.Release.ActiveCfg = Release|.NET
		{E05B4B3B-29EA-414B-A9A7-ACBFFA340E4F}.Release.Build.0 = Release|.NET
	EndGlobalSection
	GlobalSection(ExtensibilityGlobals) = postSolution
	EndGlobalSection
	GlobalSection(ExtensibilityAddIns) = postSolution
	EndGlobalSection
EndGlobal
